
Microsoft Visual Studio Solution File, Format Version 12.00
# Visual Studio Version 17
VisualStudioVersion = 17.7.34031.279
MinimumVisualStudioVersion = 10.0.40219.1
Project("{FAE04EC0-301F-11D3-BF4B-00C04F79EFBC}") = "classWork", "classWork.csproj", "{ACB8E703-1DD9-4311-B5E7-2774295062AD}"
EndProject
Global
	GlobalSection(SolutionConfigurationPlatforms) = preSolution
		Debug|Any CPU = Debug|Any CPU
		Release|Any CPU = Release|Any CPU
	EndGlobalSection
	GlobalSection(ProjectConfigurationPlatforms) = postSolution
		{ACB8E703-1DD9-4311-B5E7-2774295062AD}.Debug|Any CPU.ActiveCfg = Debug|Any CPU
		{ACB8E703-1DD9-4311-B5E7-2774295062AD}.Debug|Any CPU.Build.0 = Debug|Any CPU
		{ACB8E703-1DD9-4311-B5E7-2774295062AD}.Release|Any CPU.ActiveCfg = Release|Any CPU
		{ACB8E703-1DD9-4311-B5E7-2774295062AD}.Release|Any CPU.Build.0 = Release|Any CPU
	EndGlobalSection
	GlobalSection(SolutionProperties) = preSolution
		HideSolutionNode = FALSE
	EndGlobalSection
	GlobalSection(ExtensibilityGlobals) = postSolution
		SolutionGuid = {3F919C35-76BD-4916-BDC1-6355F737771D}
	EndGlobalSection
EndGlobal
