
Microsoft Visual Studio Solution File, Format Version 12.00
# Visual Studio Version 17
VisualStudioVersion = 17.7.34031.279
MinimumVisualStudioVersion = 10.0.40219.1
Project("{FAE04EC0-301F-11D3-BF4B-00C04F79EFBC}") = "convertorEx3", "convertorEx3.csproj", "{5025E2C4-0CD1-42F4-9A44-4F00A1332A04}"
EndProject
Global
	GlobalSection(SolutionConfigurationPlatforms) = preSolution
		Debug|Any CPU = Debug|Any CPU
		Release|Any CPU = Release|Any CPU
	EndGlobalSection
	GlobalSection(ProjectConfigurationPlatforms) = postSolution
		{5025E2C4-0CD1-42F4-9A44-4F00A1332A04}.Debug|Any CPU.ActiveCfg = Debug|Any CPU
		{5025E2C4-0CD1-42F4-9A44-4F00A1332A04}.Debug|Any CPU.Build.0 = Debug|Any CPU
		{5025E2C4-0CD1-42F4-9A44-4F00A1332A04}.Release|Any CPU.ActiveCfg = Release|Any CPU
		{5025E2C4-0CD1-42F4-9A44-4F00A1332A04}.Release|Any CPU.Build.0 = Release|Any CPU
	EndGlobalSection
	GlobalSection(SolutionProperties) = preSolution
		HideSolutionNode = FALSE
	EndGlobalSection
	GlobalSection(ExtensibilityGlobals) = postSolution
		SolutionGuid = {5B95C010-D899-472B-BA0B-A9FACFA03E35}
	EndGlobalSection
EndGlobal
