
Microsoft Visual Studio Solution File, Format Version 12.00
# Visual Studio Version 17
VisualStudioVersion = 17.7.34031.279
MinimumVisualStudioVersion = 10.0.40219.1
Project("{FAE04EC0-301F-11D3-BF4B-00C04F79EFBC}") = "researchTernaryOpEx10", "researchTernaryOpEx10.csproj", "{92B38A92-E48C-4B1C-B520-B40B51A51869}"
EndProject
Global
	GlobalSection(SolutionConfigurationPlatforms) = preSolution
		Debug|Any CPU = Debug|Any CPU
		Release|Any CPU = Release|Any CPU
	EndGlobalSection
	GlobalSection(ProjectConfigurationPlatforms) = postSolution
		{92B38A92-E48C-4B1C-B520-B40B51A51869}.Debug|Any CPU.ActiveCfg = Debug|Any CPU
		{92B38A92-E48C-4B1C-B520-B40B51A51869}.Debug|Any CPU.Build.0 = Debug|Any CPU
		{92B38A92-E48C-4B1C-B520-B40B51A51869}.Release|Any CPU.ActiveCfg = Release|Any CPU
		{92B38A92-E48C-4B1C-B520-B40B51A51869}.Release|Any CPU.Build.0 = Release|Any CPU
	EndGlobalSection
	GlobalSection(SolutionProperties) = preSolution
		HideSolutionNode = FALSE
	EndGlobalSection
	GlobalSection(ExtensibilityGlobals) = postSolution
		SolutionGuid = {E6373BED-4DF2-462B-9E93-65354326C2CE}
	EndGlobalSection
EndGlobal
