
Microsoft Visual Studio Solution File, Format Version 12.00
# Visual Studio Version 17
VisualStudioVersion = 17.7.34031.279
MinimumVisualStudioVersion = 10.0.40219.1
Project("{FAE04EC0-301F-11D3-BF4B-00C04F79EFBC}") = "leapYearOrNotEx6", "leapYearOrNotEx6.csproj", "{0A3ECF63-D934-413D-948D-72E8FCCE6362}"
EndProject
Global
	GlobalSection(SolutionConfigurationPlatforms) = preSolution
		Debug|Any CPU = Debug|Any CPU
		Release|Any CPU = Release|Any CPU
	EndGlobalSection
	GlobalSection(ProjectConfigurationPlatforms) = postSolution
		{0A3ECF63-D934-413D-948D-72E8FCCE6362}.Debug|Any CPU.ActiveCfg = Debug|Any CPU
		{0A3ECF63-D934-413D-948D-72E8FCCE6362}.Debug|Any CPU.Build.0 = Debug|Any CPU
		{0A3ECF63-D934-413D-948D-72E8FCCE6362}.Release|Any CPU.ActiveCfg = Release|Any CPU
		{0A3ECF63-D934-413D-948D-72E8FCCE6362}.Release|Any CPU.Build.0 = Release|Any CPU
	EndGlobalSection
	GlobalSection(SolutionProperties) = preSolution
		HideSolutionNode = FALSE
	EndGlobalSection
	GlobalSection(ExtensibilityGlobals) = postSolution
		SolutionGuid = {B861BDCD-92E1-4E10-A7E1-57FE8D12D4B4}
	EndGlobalSection
EndGlobal
