
Microsoft Visual Studio Solution File, Format Version 12.00
# Visual Studio Version 17
VisualStudioVersion = 17.7.34031.279
MinimumVisualStudioVersion = 10.0.40219.1
Project("{FAE04EC0-301F-11D3-BF4B-00C04F79EFBC}") = "boolExppEx5", "boolExppEx5.csproj", "{C9E29410-FF66-45AB-B359-7CBFDD2C467B}"
EndProject
Global
	GlobalSection(SolutionConfigurationPlatforms) = preSolution
		Debug|Any CPU = Debug|Any CPU
		Release|Any CPU = Release|Any CPU
	EndGlobalSection
	GlobalSection(ProjectConfigurationPlatforms) = postSolution
		{C9E29410-FF66-45AB-B359-7CBFDD2C467B}.Debug|Any CPU.ActiveCfg = Debug|Any CPU
		{C9E29410-FF66-45AB-B359-7CBFDD2C467B}.Debug|Any CPU.Build.0 = Debug|Any CPU
		{C9E29410-FF66-45AB-B359-7CBFDD2C467B}.Release|Any CPU.ActiveCfg = Release|Any CPU
		{C9E29410-FF66-45AB-B359-7CBFDD2C467B}.Release|Any CPU.Build.0 = Release|Any CPU
	EndGlobalSection
	GlobalSection(SolutionProperties) = preSolution
		HideSolutionNode = FALSE
	EndGlobalSection
	GlobalSection(ExtensibilityGlobals) = postSolution
		SolutionGuid = {81AEDB82-1D23-46BC-A7E8-0165827301F9}
	EndGlobalSection
EndGlobal
